
Microsoft Visual Studio Solution File, Format Version 12.00
# Visual Studio Version 16
VisualStudioVersion = 16.0.32413.511
MinimumVisualStudioVersion = 10.0.40219.1
Project("{FAE04EC0-301F-11D3-BF4B-00C04F79EFBC}") = "VarBal", "VarBal\VarBal.csproj", "{88E8AE32-78AF-4B2C-86ED-C2443F0162B5}"
EndProject
Global
	GlobalSection(SolutionConfigurationPlatforms) = preSolution
		Debug|Any CPU = Debug|Any CPU
		Release|Any CPU = Release|Any CPU
	EndGlobalSection
	GlobalSection(ProjectConfigurationPlatforms) = postSolution
		{88E8AE32-78AF-4B2C-86ED-C2443F0162B5}.Debug|Any CPU.ActiveCfg = Debug|Any CPU
		{88E8AE32-78AF-4B2C-86ED-C2443F0162B5}.Debug|Any CPU.Build.0 = Debug|Any CPU
		{88E8AE32-78AF-4B2C-86ED-C2443F0162B5}.Release|Any CPU.ActiveCfg = Release|Any CPU
		{88E8AE32-78AF-4B2C-86ED-C2443F0162B5}.Release|Any CPU.Build.0 = Release|Any CPU
	EndGlobalSection
	GlobalSection(SolutionProperties) = preSolution
		HideSolutionNode = FALSE
	EndGlobalSection
	GlobalSection(ExtensibilityGlobals) = postSolution
		SolutionGuid = {6CF8B9A4-939D-4619-8F76-368DB1C5C5D3}
	EndGlobalSection
EndGlobal
